
Microsoft Visual Studio Solution File, Format Version 12.00
# Visual Studio Version 16
VisualStudioVersion = 16.0.32510.428
MinimumVisualStudioVersion = 10.0.40219.1
Project("{FAE04EC0-301F-11D3-BF4B-00C04F79EFBC}") = "OutlookAddonTestVSTO", "OutlookAddonTestVSTO\OutlookAddonTestVSTO.csproj", "{778279C0-1A31-4998-A57C-CD153275E571}"
EndProject
Project("{54435603-DBB4-11D2-8724-00A0C9A8B90C}") = "OfficeAddInSetup", "OfficeAddInSetup\OfficeAddInSetup.vdproj", "{D4273F8C-F526-43BB-A493-18769DE5DB6E}"
EndProject
Global
	GlobalSection(SolutionConfigurationPlatforms) = preSolution
		Debug|Any CPU = Debug|Any CPU
		Release|Any CPU = Release|Any CPU
	EndGlobalSection
	GlobalSection(ProjectConfigurationPlatforms) = postSolution
		{778279C0-1A31-4998-A57C-CD153275E571}.Debug|Any CPU.ActiveCfg = Debug|Any CPU
		{778279C0-1A31-4998-A57C-CD153275E571}.Debug|Any CPU.Build.0 = Debug|Any CPU
		{778279C0-1A31-4998-A57C-CD153275E571}.Release|Any CPU.ActiveCfg = Release|Any CPU
		{778279C0-1A31-4998-A57C-CD153275E571}.Release|Any CPU.Build.0 = Release|Any CPU
		{D4273F8C-F526-43BB-A493-18769DE5DB6E}.Debug|Any CPU.ActiveCfg = Debug
		{D4273F8C-F526-43BB-A493-18769DE5DB6E}.Release|Any CPU.ActiveCfg = Release
	EndGlobalSection
	GlobalSection(SolutionProperties) = preSolution
		HideSolutionNode = FALSE
	EndGlobalSection
	GlobalSection(ExtensibilityGlobals) = postSolution
		SolutionGuid = {26B196D8-A052-49C1-AAAE-100600D909A8}
	EndGlobalSection
EndGlobal
